// !$*UTF8*$!
{
	archiveVersion = 1;
	classes = {
	};
	objectVersion = 46;
	objects = {

/* Begin PBXBuildFile section */
		0F79E9C1173E4B3700003CCD /* UIKit.framework in Frameworks */ = {isa = PBXBuildFile; fileRef = 0F79E9C0173E4B3700003CCD /* UIKit.framework */; };
		0F79E9C3173E4B3700003CCD /* Foundation.framework in Frameworks */ = {isa = PBXBuildFile; fileRef = 0F79E9C2173E4B3700003CCD /* Foundation.framework */; };
		0F79E9C5173E4B3700003CCD /* CoreGraphics.framework in Frameworks */ = {isa = PBXBuildFile; fileRef = 0F79E9C4173E4B3700003CCD /* CoreGraphics.framework */; };
		0F79E9CB173E4B3700003CCD /* InfoPlist.strings in Resources */ = {isa = PBXBuildFile; fileRef = 0F79E9C9173E4B3700003CCD /* InfoPlist.strings */; };
		0F79E9CD173E4B3800003CCD /* main.m in Sources */ = {isa = PBXBuildFile; fileRef = 0F79E9CC173E4B3800003CCD /* main.m */; };
		0F79E9D1173E4B3800003CCD /* AppDelegate.m in Sources */ = {isa = PBXBuildFile; fileRef = 0F79E9D0173E4B3800003CCD /* AppDelegate.m */; };
		0F79E9D3173E4B3800003CCD /* Default.png in Resources */ = {isa = PBXBuildFile; fileRef = 0F79E9D2173E4B3800003CCD /* Default.png */; };
		0F79E9D5173E4B3800003CCD /* Default@2x.png in Resources */ = {isa = PBXBuildFile; fileRef = 0F79E9D4173E4B3800003CCD /* Default@2x.png */; };
		0F79E9D7173E4B3800003CCD /* Default-568h@2x.png in Resources */ = {isa = PBXBuildFile; fileRef = 0F79E9D6173E4B3800003CCD /* Default-568h@2x.png */; };
		0F79E9DA173E4B3800003CCD /* ViewController.m in Sources */ = {isa = PBXBuildFile; fileRef = 0F79E9D9173E4B3800003CCD /* ViewController.m */; };
		0F79E9DD173E4B3800003CCD /* ViewController.xib in Resources */ = {isa = PBXBuildFile; fileRef = 0F79E9DB173E4B3800003CCD /* ViewController.xib */; };
/* End PBXBuildFile section */

/* Begin PBXFileReference section */
		0F79E9BC173E4B3700003CCD /* DDMenuDemo.app */ = {isa = PBXFileReference; explicitFileType = wrapper.application; includeInIndex = 0; path = DDMenuDemo.app; sourceTree = BUILT_PRODUCTS_DIR; };
		0F79E9C0173E4B3700003CCD /* UIKit.framework */ = {isa = PBXFileReference; lastKnownFileType = wrapper.framework; name = UIKit.framework; path = System/Library/Frameworks/UIKit.framework; sourceTree = SDKROOT; };
		0F79E9C2173E4B3700003CCD /* Foundation.framework */ = {isa = PBXFileReference; lastKnownFileType = wrapper.framework; name = Foundation.framework; path = System/Library/Frameworks/Foundation.framework; sourceTree = SDKROOT; };
		0F79E9C4173E4B3700003CCD /* CoreGraphics.framework */ = {isa = PBXFileReference; lastKnownFileType = wrapper.framework; name = CoreGraphics.framework; path = System/Library/Frameworks/CoreGraphics.framework; sourceTree = SDKROOT; };
		0F79E9C8173E4B3700003CCD /* DDMenuDemo-Info.plist */ = {isa = PBXFileReference; lastKnownFileType = text.plist.xml; path = "DDMenuDemo-Info.plist"; sourceTree = "<group>"; };
		0F79E9CA173E4B3700003CCD /* en */ = {isa = PBXFileReference; lastKnownFileType = text.plist.strings; name = en; path = en.lproj/InfoPlist.strings; sourceTree = "<group>"; };
		0F79E9CC173E4B3800003CCD /* main.m */ = {isa = PBXFileReference; lastKnownFileType = sourcecode.c.objc; path = main.m; sourceTree = "<group>"; };
		0F79E9CE173E4B3800003CCD /* DDMenuDemo-Prefix.pch */ = {isa = PBXFileReference; lastKnownFileType = sourcecode.c.h; path = "DDMenuDemo-Prefix.pch"; sourceTree = "<group>"; };
		0F79E9CF173E4B3800003CCD /* AppDelegate.h */ = {isa = PBXFileReference; lastKnownFileType = sourcecode.c.h; path = AppDelegate.h; sourceTree = "<group>"; };
		0F79E9D0173E4B3800003CCD /* AppDelegate.m */ = {isa = PBXFileReference; lastKnownFileType = sourcecode.c.objc; path = AppDelegate.m; sourceTree = "<group>"; };
		0F79E9D2173E4B3800003CCD /* Default.png */ = {isa = PBXFileReference; lastKnownFileType = image.png; path = Default.png; sourceTree = "<group>"; };
		0F79E9D4173E4B3800003CCD /* Default@2x.png */ = {isa = PBXFileReference; lastKnownFileType = image.png; path = "Default@2x.png"; sourceTree = "<group>"; };
		0F79E9D6173E4B3800003CCD /* Default-568h@2x.png */ = {isa = PBXFileReference; lastKnownFileType = image.png; path = "Default-568h@2x.png"; sourceTree = "<group>"; };
		0F79E9D8173E4B3800003CCD /* ViewController.h */ = {isa = PBXFileReference; lastKnownFileType = sourcecode.c.h; path = ViewController.h; sourceTree = "<group>"; };
		0F79E9D9173E4B3800003CCD /* ViewController.m */ = {isa = PBXFileReference; lastKnownFileType = sourcecode.c.objc; path = ViewController.m; sourceTree = "<group>"; };
		0F79E9DC173E4B3800003CCD /* en */ = {isa = PBXFileReference; lastKnownFileType = file.xib; name = en; path = en.lproj/ViewController.xib; sourceTree = "<group>"; };
/* End PBXFileReference section */

/* Begin PBXFrameworksBuildPhase section */
		0F79E9B9173E4B3700003CCD /* Frameworks */ = {
			isa = PBXFrameworksBuildPhase;
			buildActionMask = 2147483647;
			files = (
				0F79E9C1173E4B3700003CCD /* UIKit.framework in Frameworks */,
				0F79E9C3173E4B3700003CCD /* Foundation.framework in Frameworks */,
				0F79E9C5173E4B3700003CCD /* CoreGraphics.framework in Frameworks */,
			);
			runOnlyForDeploymentPostprocessing = 0;
		};
/* End PBXFrameworksBuildPhase section */

/* Begin PBXGroup section */
		0F79E9B1173E4B3700003CCD = {
			isa = PBXGroup;
			children = (
				0F79E9C6173E4B3700003CCD /* DDMenuDemo */,
				0F79E9BF173E4B3700003CCD /* Frameworks */,
				0F79E9BD173E4B3700003CCD /* Products */,
			);
			sourceTree = "<group>";
		};
		0F79E9BD173E4B3700003CCD /* Products */ = {
			isa = PBXGroup;
			children = (
				0F79E9BC173E4B3700003CCD /* DDMenuDemo.app */,
			);
			name = Products;
			sourceTree = "<group>";
		};
		0F79E9BF173E4B3700003CCD /* Frameworks */ = {
			isa = PBXGroup;
			children = (
				0F79E9C0173E4B3700003CCD /* UIKit.framework */,
				0F79E9C2173E4B3700003CCD /* Foundation.framework */,
				0F79E9C4173E4B3700003CCD /* CoreGraphics.framework */,
			);
			name = Frameworks;
			sourceTree = "<group>";
		};
		0F79E9C6173E4B3700003CCD /* DDMenuDemo */ = {
			isa = PBXGroup;
			children = (
				0F79E9CF173E4B3800003CCD /* AppDelegate.h */,
				0F79E9D0173E4B3800003CCD /* AppDelegate.m */,
				0F79E9D8173E4B3800003CCD /* ViewController.h */,
				0F79E9D9173E4B3800003CCD /* ViewController.m */,
				0F79E9DB173E4B3800003CCD /* ViewController.xib */,
				0F79E9C7173E4B3700003CCD /* Supporting Files */,
			);
			path = DDMenuDemo;
			sourceTree = "<group>";
		};
		0F79E9C7173E4B3700003CCD /* Supporting Files */ = {
			isa = PBXGroup;
			children = (
				0F79E9C8173E4B3700003CCD /* DDMenuDemo-Info.plist */,
				0F79E9C9173E4B3700003CCD /* InfoPlist.strings */,
				0F79E9CC173E4B3800003CCD /* main.m */,
				0F79E9CE173E4B3800003CCD /* DDMenuDemo-Prefix.pch */,
				0F79E9D2173E4B3800003CCD /* Default.png */,
				0F79E9D4173E4B3800003CCD /* Default@2x.png */,
				0F79E9D6173E4B3800003CCD /* Default-568h@2x.png */,
			);
			name = "Supporting Files";
			sourceTree = "<group>";
		};
/* End PBXGroup section */

/* Begin PBXNativeTarget section */
		0F79E9BB173E4B3700003CCD /* DDMenuDemo */ = {
			isa = PBXNativeTarget;
			buildConfigurationList = 0F79E9E0173E4B3800003CCD /* Build configuration list for PBXNativeTarget "DDMenuDemo" */;
			buildPhases = (
				0F79E9B8173E4B3700003CCD /* Sources */,
				0F79E9B9173E4B3700003CCD /* Frameworks */,
				0F79E9BA173E4B3700003CCD /* Resources */,
			);
			buildRules = (
			);
			dependencies = (
			);
			name = DDMenuDemo;
			productName = DDMenuDemo;
			productReference = 0F79E9BC173E4B3700003CCD /* DDMenuDemo.app */;
			productType = "com.apple.product-type.application";
		};
/* End PBXNativeTarget section */

/* Begin PBXProject section */
		0F79E9B3173E4B3700003CCD /* Project object */ = {
			isa = PBXProject;
			attributes = {
				LastUpgradeCheck = 0450;
				ORGANIZATIONNAME = zheng;
			};
			buildConfigurationList = 0F79E9B6173E4B3700003CCD /* Build configuration list for PBXProject "DDMenuDemo" */;
			compatibilityVersion = "Xcode 3.2";
			developmentRegion = English;
			hasScannedForEncodings = 0;
			knownRegions = (
				en,
			);
			mainGroup = 0F79E9B1173E4B3700003CCD;
			productRefGroup = 0F79E9BD173E4B3700003CCD /* Products */;
			projectDirPath = "";
			projectRoot = "";
			targets = (
				0F79E9BB173E4B3700003CCD /* DDMenuDemo */,
			);
		};
/* End PBXProject section */

/* Begin PBXResourcesBuildPhase section */
		0F79E9BA173E4B3700003CCD /* Resources */ = {
			isa = PBXResourcesBuildPhase;
			buildActionMask = 2147483647;
			files = (
				0F79E9CB173E4B3700003CCD /* InfoPlist.strings in Resources */,
				0F79E9D3173E4B3800003CCD /* Default.png in Resources */,
				0F79E9D5173E4B3800003CCD /* Default@2x.png in Resources */,
				0F79E9D7173E4B3800003CCD /* Default-568h@2x.png in Resources */,
				0F79E9DD173E4B3800003CCD /* ViewController.xib in Resources */,
			);
			runOnlyForDeploymentPostprocessing = 0;
		};
/* End PBXResourcesBuildPhase section */

/* Begin PBXSourcesBuildPhase section */
		0F79E9B8173E4B3700003CCD /* Sources */ = {
			isa = PBXSourcesBuildPhase;
			buildActionMask = 2147483647;
			files = (
				0F79E9CD173E4B3800003CCD /* main.m in Sources */,
				0F79E9D1173E4B3800003CCD /* AppDelegate.m in Sources */,
				0F79E9DA173E4B3800003CCD /* ViewController.m in Sources */,
			);
			runOnlyForDeploymentPostprocessing = 0;
		};
/* End PBXSourcesBuildPhase section */

/* Begin PBXVariantGroup section */
		0F79E9C9173E4B3700003CCD /* InfoPlist.strings */ = {
			isa = PBXVariantGroup;
			children = (
				0F79E9CA173E4B3700003CCD /* en */,
			);
			name = InfoPlist.strings;
			sourceTree = "<group>";
		};
		0F79E9DB173E4B3800003CCD /* ViewController.xib */ = {
			isa = PBXVariantGroup;
			children = (
				0F79E9DC173E4B3800003CCD /* en */,
			);
			name = ViewController.xib;
			sourceTree = "<group>";
		};
/* End PBXVariantGroup section */

/* Begin XCBuildConfiguration section */
		0F79E9DE173E4B3800003CCD /* Debug */ = {
			isa = XCBuildConfiguration;
			buildSettings = {
				ALWAYS_SEARCH_USER_PATHS = NO;
				CLANG_CXX_LANGUAGE_STANDARD = "gnu++0x";
				CLANG_CXX_LIBRARY = "libc++";
				CLANG_WARN_EMPTY_BODY = YES;
				CLANG_WARN__DUPLICATE_METHOD_MATCH = YES;
				"CODE_SIGN_IDENTITY[sdk=iphoneos*]" = "iPhone Developer";
				COPY_PHASE_STRIP = NO;
				GCC_C_LANGUAGE_STANDARD = gnu99;
				GCC_DYNAMIC_NO_PIC = NO;
				GCC_OPTIMIZATION_LEVEL = 0;
				GCC_PREPROCESSOR_DEFINITIONS = (
					"DEBUG=1",
					"$(inherited)",
				);
				GCC_SYMBOLS_PRIVATE_EXTERN = NO;
				GCC_WARN_ABOUT_RETURN_TYPE = YES;
				GCC_WARN_UNINITIALIZED_AUTOS = YES;
				GCC_WARN_UNUSED_VARIABLE = YES;
				IPHONEOS_DEPLOYMENT_TARGET = 6.0;
				ONLY_ACTIVE_ARCH = YES;
				SDKROOT = iphoneos;
			};
			name = Debug;
		};
		0F79E9DF173E4B3800003CCD /* Release */ = {
			isa = XCBuildConfiguration;
			buildSettings = {
				ALWAYS_SEARCH_USER_PATHS = NO;
				CLANG_CXX_LANGUAGE_STANDARD = "gnu++0x";
				CLANG_CXX_LIBRARY = "libc++";
				CLANG_WARN_EMPTY_BODY = YES;
				CLANG_WARN__DUPLICATE_METHOD_MATCH = YES;
				"CODE_SIGN_IDENTITY[sdk=iphoneos*]" = "iPhone Developer";
				COPY_PHASE_STRIP = YES;
				GCC_C_LANGUAGE_STANDARD = gnu99;
				GCC_WARN_ABOUT_RETURN_TYPE = YES;
				GCC_WARN_UNINITIALIZED_AUTOS = YES;
				GCC_WARN_UNUSED_VARIABLE = YES;
				IPHONEOS_DEPLOYMENT_TARGET = 6.0;
				OTHER_CFLAGS = "-DNS_BLOCK_ASSERTIONS=1";
				SDKROOT = iphoneos;
				VALIDATE_PRODUCT = YES;
			};
			name = Release;
		};
		0F79E9E1173E4B3800003CCD /* Debug */ = {
			isa = XCBuildConfiguration;
			buildSettings = {
				GCC_PRECOMPILE_PREFIX_HEADER = YES;
				GCC_PREFIX_HEADER = "DDMenuDemo/DDMenuDemo-Prefix.pch";
				INFOPLIST_FILE = "DDMenuDemo/DDMenuDemo-Info.plist";
				PRODUCT_NAME = "$(TARGET_NAME)";
				WRAPPER_EXTENSION = app;
			};
			name = Debug;
		};
		0F79E9E2173E4B3800003CCD /* Release */ = {
			isa = XCBuildConfiguration;
			buildSettings = {
				GCC_PRECOMPILE_PREFIX_HEADER = YES;
				GCC_PREFIX_HEADER = "DDMenuDemo/DDMenuDemo-Prefix.pch";
				INFOPLIST_FILE = "DDMenuDemo/DDMenuDemo-Info.plist";
				PRODUCT_NAME = "$(TARGET_NAME)";
				WRAPPER_EXTENSION = app;
			};
			name = Release;
		};
/* End XCBuildConfiguration section */

/* Begin XCConfigurationList section */
		0F79E9B6173E4B3700003CCD /* Build configuration list for PBXProject "DDMenuDemo" */ = {
			isa = XCConfigurationList;
			buildConfigurations = (
				0F79E9DE173E4B3800003CCD /* Debug */,
				0F79E9DF173E4B3800003CCD /* Release */,
			);
			defaultConfigurationIsVisible = 0;
			defaultConfigurationName = Release;
		};
		0F79E9E0173E4B3800003CCD /* Build configuration list for PBXNativeTarget "DDMenuDemo" */ = {
			isa = XCConfigurationList;
			buildConfigurations = (
				0F79E9E1173E4B3800003CCD /* Debug */,
				0F79E9E2173E4B3800003CCD /* Release */,
			);
			defaultConfigurationIsVisible = 0;
		};
/* End XCConfigurationList section */
	};
	rootObject = 0F79E9B3173E4B3700003CCD /* Project object */;
}
